
Microsoft Visual Studio Solution File, Format Version 12.00
# Visual Studio 15
VisualStudioVersion = 15.0.27130.2026
MinimumVisualStudioVersion = 10.0.40219.1
Project("{8BC9CEB8-8B4A-11D0-8D11-00A0C91BC942}") = "LatticeRepresentationLib", "LatticeRepresentationLib\LatticeRepresentationLib.vcxproj", "{BF25D7AA-648C-48D2-B857-D383FAF1E215}"
EndProject
Project("{8BC9CEB8-8B4A-11D0-8D11-00A0C91BC942}") = "SVG_TriangleFollow", "SVG_TriangleFollow\SVG_TriangleFollow.vcxproj", "{5721FE52-2363-49C4-AAFB-A57825CBD5A6}"
EndProject
Project("{8BC9CEB8-8B4A-11D0-8D11-00A0C91BC942}") = "SVG_Follow", "SVG_Follow\SVG_Follow.vcxproj", "{479C4203-D9C8-45D6-A411-29C406C567BA}"
EndProject
Project("{8BC9CEB8-8B4A-11D0-8D11-00A0C91BC942}") = "spline_under_tension", "spline_under_tension\spline_under_tension.vcxproj", "{620506F1-EFDD-4AAE-9C0D-00503E7E5AB1}"
EndProject
Project("{8BC9CEB8-8B4A-11D0-8D11-00A0C91BC942}") = "Testbed", "Testbed\Testbed.vcxproj", "{688FC5C9-33CC-4135-ACAC-90569E523ECC}"
EndProject
Project("{8BC9CEB8-8B4A-11D0-8D11-00A0C91BC942}") = "B4_rotations", "B4_rotations\B4_rotations.vcxproj", "{99509FD2-CF02-496A-9979-7C34A84CA3CC}"
EndProject
Project("{8BC9CEB8-8B4A-11D0-8D11-00A0C91BC942}") = "TestSuperCell", "TestSuperCell\TestSuperCell.vcxproj", "{4E1534A0-569E-40FA-8702-77638702DAAB}"
EndProject
Project("{8BC9CEB8-8B4A-11D0-8D11-00A0C91BC942}") = "TestC3", "TestC3\TestC3.vcxproj", "{011651D8-C062-4DC0-B653-DC0608486CEC}"
EndProject
Project("{8BC9CEB8-8B4A-11D0-8D11-00A0C91BC942}") = "TestRandom", "TestRandom\TestRandom.vcxproj", "{14DB5FDB-F3AE-466E-89CD-91C1073D04A4}"
EndProject
Project("{8BC9CEB8-8B4A-11D0-8D11-00A0C91BC942}") = "MultiMetricDists", "MultiMetricDists\BasesLib.vcxproj", "{4497FB39-4912-494B-B630-04B682797CCC}"
EndProject
Project("{2150E333-8FDC-42A3-9474-1A3956D46DE8}") = "Docs", "Docs", "{F04B16EA-D8B9-4434-8051-829B5FE3F5A6}"
	ProjectSection(SolutionItems) = preProject
		docs\LatticeRepLib.aux = docs\LatticeRepLib.aux
		docs\LatticeRepLib.bbl = docs\LatticeRepLib.bbl
		docs\LatticeRepLib.bib = docs\LatticeRepLib.bib
		docs\LatticeRepLib.bib.bak = docs\LatticeRepLib.bib.bak
		docs\LatticeRepLib.blg = docs\LatticeRepLib.blg
		docs\LatticeRepLib.log = docs\LatticeRepLib.log
		docs\LatticeRepLib.out = docs\LatticeRepLib.out
		docs\LatticeRepLib.pdf = docs\LatticeRepLib.pdf
		docs\LatticeRepLib.synctex.gz = docs\LatticeRepLib.synctex.gz
		docs\LatticeRepLib.tex = docs\LatticeRepLib.tex
		docs\LatticeRepLib.toc = docs\LatticeRepLib.toc
		docs\TestInput\MultMetricDistInput.txt = docs\TestInput\MultMetricDistInput.txt
		README.md = README.md
		docs\StoreResults.odt = docs\StoreResults.odt
		docs\TestInput\SVG_FollowerInput.txt = docs\TestInput\SVG_FollowerInput.txt
		docs\TestInput\SVG_TriangleFollowInput.txt = docs\TestInput\SVG_TriangleFollowInput.txt
	EndProjectSection
EndProject
Project("{8BC9CEB8-8B4A-11D0-8D11-00A0C91BC942}") = "TestBases", "TestBases\TestBases.vcxproj", "{FF58142E-5506-4A00-B0E4-ADC50D9D260E}"
EndProject
Project("{8BC9CEB8-8B4A-11D0-8D11-00A0C91BC942}") = "DevelopS6Boundaries", "DevelopS6Boundaries\DevelopS6Boundaries.vcxproj", "{D2263B5B-A488-4EAD-9CE8-4B6E9075B0E9}"
EndProject
Project("{8BC9CEB8-8B4A-11D0-8D11-00A0C91BC942}") = "ConvertToC3", "ConvertToC3\ConvertToC3.vcxproj", "{3A9A1BA5-BC77-4124-BADE-D84CFE861573}"
EndProject
Global
	GlobalSection(SolutionConfigurationPlatforms) = preSolution
		Debug|x64 = Debug|x64
		Debug|x86 = Debug|x86
		Release|x64 = Release|x64
		Release|x86 = Release|x86
	EndGlobalSection
	GlobalSection(ProjectConfigurationPlatforms) = postSolution
		{BF25D7AA-648C-48D2-B857-D383FAF1E215}.Debug|x64.ActiveCfg = Debug|x64
		{BF25D7AA-648C-48D2-B857-D383FAF1E215}.Debug|x64.Build.0 = Debug|x64
		{BF25D7AA-648C-48D2-B857-D383FAF1E215}.Debug|x86.ActiveCfg = Debug|Win32
		{BF25D7AA-648C-48D2-B857-D383FAF1E215}.Debug|x86.Build.0 = Debug|Win32
		{BF25D7AA-648C-48D2-B857-D383FAF1E215}.Release|x64.ActiveCfg = Release|x64
		{BF25D7AA-648C-48D2-B857-D383FAF1E215}.Release|x64.Build.0 = Release|x64
		{BF25D7AA-648C-48D2-B857-D383FAF1E215}.Release|x86.ActiveCfg = Release|Win32
		{BF25D7AA-648C-48D2-B857-D383FAF1E215}.Release|x86.Build.0 = Release|Win32
		{5721FE52-2363-49C4-AAFB-A57825CBD5A6}.Debug|x64.ActiveCfg = Debug|x64
		{5721FE52-2363-49C4-AAFB-A57825CBD5A6}.Debug|x64.Build.0 = Debug|x64
		{5721FE52-2363-49C4-AAFB-A57825CBD5A6}.Debug|x86.ActiveCfg = Debug|Win32
		{5721FE52-2363-49C4-AAFB-A57825CBD5A6}.Debug|x86.Build.0 = Debug|Win32
		{5721FE52-2363-49C4-AAFB-A57825CBD5A6}.Release|x64.ActiveCfg = Release|x64
		{5721FE52-2363-49C4-AAFB-A57825CBD5A6}.Release|x64.Build.0 = Release|x64
		{5721FE52-2363-49C4-AAFB-A57825CBD5A6}.Release|x86.ActiveCfg = Release|Win32
		{5721FE52-2363-49C4-AAFB-A57825CBD5A6}.Release|x86.Build.0 = Release|Win32
		{479C4203-D9C8-45D6-A411-29C406C567BA}.Debug|x64.ActiveCfg = Debug|x64
		{479C4203-D9C8-45D6-A411-29C406C567BA}.Debug|x64.Build.0 = Debug|x64
		{479C4203-D9C8-45D6-A411-29C406C567BA}.Debug|x86.ActiveCfg = Debug|Win32
		{479C4203-D9C8-45D6-A411-29C406C567BA}.Debug|x86.Build.0 = Debug|Win32
		{479C4203-D9C8-45D6-A411-29C406C567BA}.Release|x64.ActiveCfg = Release|x64
		{479C4203-D9C8-45D6-A411-29C406C567BA}.Release|x64.Build.0 = Release|x64
		{479C4203-D9C8-45D6-A411-29C406C567BA}.Release|x86.ActiveCfg = Release|Win32
		{479C4203-D9C8-45D6-A411-29C406C567BA}.Release|x86.Build.0 = Release|Win32
		{620506F1-EFDD-4AAE-9C0D-00503E7E5AB1}.Debug|x64.ActiveCfg = Debug|x64
		{620506F1-EFDD-4AAE-9C0D-00503E7E5AB1}.Debug|x64.Build.0 = Debug|x64
		{620506F1-EFDD-4AAE-9C0D-00503E7E5AB1}.Debug|x86.ActiveCfg = Debug|Win32
		{620506F1-EFDD-4AAE-9C0D-00503E7E5AB1}.Debug|x86.Build.0 = Debug|Win32
		{620506F1-EFDD-4AAE-9C0D-00503E7E5AB1}.Release|x64.ActiveCfg = Release|x64
		{620506F1-EFDD-4AAE-9C0D-00503E7E5AB1}.Release|x64.Build.0 = Release|x64
		{620506F1-EFDD-4AAE-9C0D-00503E7E5AB1}.Release|x86.ActiveCfg = Release|Win32
		{620506F1-EFDD-4AAE-9C0D-00503E7E5AB1}.Release|x86.Build.0 = Release|Win32
		{688FC5C9-33CC-4135-ACAC-90569E523ECC}.Debug|x64.ActiveCfg = Debug|x64
		{688FC5C9-33CC-4135-ACAC-90569E523ECC}.Debug|x64.Build.0 = Debug|x64
		{688FC5C9-33CC-4135-ACAC-90569E523ECC}.Debug|x86.ActiveCfg = Debug|Win32
		{688FC5C9-33CC-4135-ACAC-90569E523ECC}.Debug|x86.Build.0 = Debug|Win32
		{688FC5C9-33CC-4135-ACAC-90569E523ECC}.Release|x64.ActiveCfg = Release|x64
		{688FC5C9-33CC-4135-ACAC-90569E523ECC}.Release|x64.Build.0 = Release|x64
		{688FC5C9-33CC-4135-ACAC-90569E523ECC}.Release|x86.ActiveCfg = Release|Win32
		{688FC5C9-33CC-4135-ACAC-90569E523ECC}.Release|x86.Build.0 = Release|Win32
		{99509FD2-CF02-496A-9979-7C34A84CA3CC}.Debug|x64.ActiveCfg = Debug|x64
		{99509FD2-CF02-496A-9979-7C34A84CA3CC}.Debug|x64.Build.0 = Debug|x64
		{99509FD2-CF02-496A-9979-7C34A84CA3CC}.Debug|x86.ActiveCfg = Debug|Win32
		{99509FD2-CF02-496A-9979-7C34A84CA3CC}.Debug|x86.Build.0 = Debug|Win32
		{99509FD2-CF02-496A-9979-7C34A84CA3CC}.Release|x64.ActiveCfg = Release|x64
		{99509FD2-CF02-496A-9979-7C34A84CA3CC}.Release|x64.Build.0 = Release|x64
		{99509FD2-CF02-496A-9979-7C34A84CA3CC}.Release|x86.ActiveCfg = Release|Win32
		{99509FD2-CF02-496A-9979-7C34A84CA3CC}.Release|x86.Build.0 = Release|Win32
		{4E1534A0-569E-40FA-8702-77638702DAAB}.Debug|x64.ActiveCfg = Debug|x64
		{4E1534A0-569E-40FA-8702-77638702DAAB}.Debug|x64.Build.0 = Debug|x64
		{4E1534A0-569E-40FA-8702-77638702DAAB}.Debug|x86.ActiveCfg = Debug|Win32
		{4E1534A0-569E-40FA-8702-77638702DAAB}.Debug|x86.Build.0 = Debug|Win32
		{4E1534A0-569E-40FA-8702-77638702DAAB}.Release|x64.ActiveCfg = Release|x64
		{4E1534A0-569E-40FA-8702-77638702DAAB}.Release|x64.Build.0 = Release|x64
		{4E1534A0-569E-40FA-8702-77638702DAAB}.Release|x86.ActiveCfg = Release|Win32
		{4E1534A0-569E-40FA-8702-77638702DAAB}.Release|x86.Build.0 = Release|Win32
		{011651D8-C062-4DC0-B653-DC0608486CEC}.Debug|x64.ActiveCfg = Debug|x64
		{011651D8-C062-4DC0-B653-DC0608486CEC}.Debug|x64.Build.0 = Debug|x64
		{011651D8-C062-4DC0-B653-DC0608486CEC}.Debug|x86.ActiveCfg = Debug|Win32
		{011651D8-C062-4DC0-B653-DC0608486CEC}.Debug|x86.Build.0 = Debug|Win32
		{011651D8-C062-4DC0-B653-DC0608486CEC}.Release|x64.ActiveCfg = Release|x64
		{011651D8-C062-4DC0-B653-DC0608486CEC}.Release|x64.Build.0 = Release|x64
		{011651D8-C062-4DC0-B653-DC0608486CEC}.Release|x86.ActiveCfg = Release|Win32
		{011651D8-C062-4DC0-B653-DC0608486CEC}.Release|x86.Build.0 = Release|Win32
		{14DB5FDB-F3AE-466E-89CD-91C1073D04A4}.Debug|x64.ActiveCfg = Debug|x64
		{14DB5FDB-F3AE-466E-89CD-91C1073D04A4}.Debug|x64.Build.0 = Debug|x64
		{14DB5FDB-F3AE-466E-89CD-91C1073D04A4}.Debug|x86.ActiveCfg = Debug|Win32
		{14DB5FDB-F3AE-466E-89CD-91C1073D04A4}.Debug|x86.Build.0 = Debug|Win32
		{14DB5FDB-F3AE-466E-89CD-91C1073D04A4}.Release|x64.ActiveCfg = Release|x64
		{14DB5FDB-F3AE-466E-89CD-91C1073D04A4}.Release|x64.Build.0 = Release|x64
		{14DB5FDB-F3AE-466E-89CD-91C1073D04A4}.Release|x86.ActiveCfg = Release|Win32
		{14DB5FDB-F3AE-466E-89CD-91C1073D04A4}.Release|x86.Build.0 = Release|Win32
		{4497FB39-4912-494B-B630-04B682797CCC}.Debug|x64.ActiveCfg = Debug|x64
		{4497FB39-4912-494B-B630-04B682797CCC}.Debug|x64.Build.0 = Debug|x64
		{4497FB39-4912-494B-B630-04B682797CCC}.Debug|x86.ActiveCfg = Debug|Win32
		{4497FB39-4912-494B-B630-04B682797CCC}.Debug|x86.Build.0 = Debug|Win32
		{4497FB39-4912-494B-B630-04B682797CCC}.Release|x64.ActiveCfg = Release|x64
		{4497FB39-4912-494B-B630-04B682797CCC}.Release|x64.Build.0 = Release|x64
		{4497FB39-4912-494B-B630-04B682797CCC}.Release|x86.ActiveCfg = Release|Win32
		{4497FB39-4912-494B-B630-04B682797CCC}.Release|x86.Build.0 = Release|Win32
		{FF58142E-5506-4A00-B0E4-ADC50D9D260E}.Debug|x64.ActiveCfg = Debug|x64
		{FF58142E-5506-4A00-B0E4-ADC50D9D260E}.Debug|x64.Build.0 = Debug|x64
		{FF58142E-5506-4A00-B0E4-ADC50D9D260E}.Debug|x86.ActiveCfg = Debug|Win32
		{FF58142E-5506-4A00-B0E4-ADC50D9D260E}.Debug|x86.Build.0 = Debug|Win32
		{FF58142E-5506-4A00-B0E4-ADC50D9D260E}.Release|x64.ActiveCfg = Release|x64
		{FF58142E-5506-4A00-B0E4-ADC50D9D260E}.Release|x64.Build.0 = Release|x64
		{FF58142E-5506-4A00-B0E4-ADC50D9D260E}.Release|x86.ActiveCfg = Release|Win32
		{FF58142E-5506-4A00-B0E4-ADC50D9D260E}.Release|x86.Build.0 = Release|Win32
		{D2263B5B-A488-4EAD-9CE8-4B6E9075B0E9}.Debug|x64.ActiveCfg = Debug|x64
		{D2263B5B-A488-4EAD-9CE8-4B6E9075B0E9}.Debug|x64.Build.0 = Debug|x64
		{D2263B5B-A488-4EAD-9CE8-4B6E9075B0E9}.Debug|x86.ActiveCfg = Debug|Win32
		{D2263B5B-A488-4EAD-9CE8-4B6E9075B0E9}.Debug|x86.Build.0 = Debug|Win32
		{D2263B5B-A488-4EAD-9CE8-4B6E9075B0E9}.Release|x64.ActiveCfg = Release|x64
		{D2263B5B-A488-4EAD-9CE8-4B6E9075B0E9}.Release|x64.Build.0 = Release|x64
		{D2263B5B-A488-4EAD-9CE8-4B6E9075B0E9}.Release|x86.ActiveCfg = Release|Win32
		{D2263B5B-A488-4EAD-9CE8-4B6E9075B0E9}.Release|x86.Build.0 = Release|Win32
		{3A9A1BA5-BC77-4124-BADE-D84CFE861573}.Debug|x64.ActiveCfg = Debug|x64
		{3A9A1BA5-BC77-4124-BADE-D84CFE861573}.Debug|x64.Build.0 = Debug|x64
		{3A9A1BA5-BC77-4124-BADE-D84CFE861573}.Debug|x86.ActiveCfg = Debug|Win32
		{3A9A1BA5-BC77-4124-BADE-D84CFE861573}.Debug|x86.Build.0 = Debug|Win32
		{3A9A1BA5-BC77-4124-BADE-D84CFE861573}.Release|x64.ActiveCfg = Release|x64
		{3A9A1BA5-BC77-4124-BADE-D84CFE861573}.Release|x64.Build.0 = Release|x64
		{3A9A1BA5-BC77-4124-BADE-D84CFE861573}.Release|x86.ActiveCfg = Release|Win32
		{3A9A1BA5-BC77-4124-BADE-D84CFE861573}.Release|x86.Build.0 = Release|Win32
	EndGlobalSection
	GlobalSection(SolutionProperties) = preSolution
		HideSolutionNode = FALSE
	EndGlobalSection
	GlobalSection(ExtensibilityGlobals) = postSolution
		SolutionGuid = {0B3C22EA-99A3-45DF-B570-75E113E98F70}
	EndGlobalSection
EndGlobal
