
Microsoft Visual Studio Solution File, Format Version 12.00
# Visual Studio Version 17
VisualStudioVersion = 17.1.32407.343
MinimumVisualStudioVersion = 10.0.40219.1
Project("{8BC9CEB8-8B4A-11D0-8D11-00A0C91BC942}") = "LatticeRepresentationLib", "LatticeRepresentationLib\LatticeRepresentationLib.vcxproj", "{BF25D7AA-648C-48D2-B857-D383FAF1E215}"
EndProject
Project("{8BC9CEB8-8B4A-11D0-8D11-00A0C91BC942}") = "spline_under_tension", "spline_under_tension\spline_under_tension.vcxproj", "{620506F1-EFDD-4AAE-9C0D-00503E7E5AB1}"
EndProject
Project("{8BC9CEB8-8B4A-11D0-8D11-00A0C91BC942}") = "Testbed", "Testbed\Testbed.vcxproj", "{688FC5C9-33CC-4135-ACAC-90569E523ECC}"
EndProject
Project("{8BC9CEB8-8B4A-11D0-8D11-00A0C91BC942}") = "B4_rotations", "B4_rotations\B4_rotations.vcxproj", "{99509FD2-CF02-496A-9979-7C34A84CA3CC}"
EndProject
Project("{8BC9CEB8-8B4A-11D0-8D11-00A0C91BC942}") = "TestSuperCell", "TestSuperCell\TestSuperCell.vcxproj", "{4E1534A0-569E-40FA-8702-77638702DAAB}"
EndProject
Project("{8BC9CEB8-8B4A-11D0-8D11-00A0C91BC942}") = "TestRandom", "TestRandom\TestRandom.vcxproj", "{14DB5FDB-F3AE-466E-89CD-91C1073D04A4}"
EndProject
Project("{2150E333-8FDC-42A3-9474-1A3956D46DE8}") = "Docs", "Docs", "{F04B16EA-D8B9-4434-8051-829B5FE3F5A6}"
	ProjectSection(SolutionItems) = preProject
		docs\LatticeRepLib.aux = docs\LatticeRepLib.aux
		docs\LatticeRepLib.bbl = docs\LatticeRepLib.bbl
		docs\LatticeRepLib.bib = docs\LatticeRepLib.bib
		docs\LatticeRepLib.bib.bak = docs\LatticeRepLib.bib.bak
		docs\LatticeRepLib.blg = docs\LatticeRepLib.blg
		docs\LatticeRepLib.log = docs\LatticeRepLib.log
		docs\LatticeRepLib.out = docs\LatticeRepLib.out
		docs\LatticeRepLib.pdf = docs\LatticeRepLib.pdf
		docs\LatticeRepLib.synctex.gz = docs\LatticeRepLib.synctex.gz
		docs\LatticeRepLib.tex = docs\LatticeRepLib.tex
		docs\LatticeRepLib.toc = docs\LatticeRepLib.toc
		docs\TestInput\MultMetricDistInput.txt = docs\TestInput\MultMetricDistInput.txt
		docs\PointDistanceFollower.odt = docs\PointDistanceFollower.odt
		README.md = README.md
		docs\S6 Reflection Matrices 2-5-2018.doc = docs\S6 Reflection Matrices 2-5-2018.doc
		docs\StoreResults.odt = docs\StoreResults.odt
		docs\TestInput\SVG_FollowerInput.txt = docs\TestInput\SVG_FollowerInput.txt
		docs\TestInput\SVG_TriangleFollowInput.txt = docs\TestInput\SVG_TriangleFollowInput.txt
	EndProjectSection
EndProject
Project("{8BC9CEB8-8B4A-11D0-8D11-00A0C91BC942}") = "GenerateBoundaryPairs", "GenerateBoundaryPairs\GenerateBoundaryPairs.vcxproj", "{36AA3C95-65AE-4AE0-9BD3-BAAB8FA738EE}"
EndProject
Project("{8BC9CEB8-8B4A-11D0-8D11-00A0C91BC942}") = "S6Classifier", "S6Classifier\S6Classifier.vcxproj", "{43071896-57B1-4A9D-9DBC-8D2EAF97EFA0}"
EndProject
Project("{8BC9CEB8-8B4A-11D0-8D11-00A0C91BC942}") = "PointDistanceFollower", "PointDistanceFollower\PointDistanceFollower.vcxproj", "{D1FBB88D-3BCA-4DE7-9ED0-AC6DCB182F28}"
EndProject
Project("{8BC9CEB8-8B4A-11D0-8D11-00A0C91BC942}") = "SVD", "SVD\SVD.vcxproj", "{AABD4381-036F-40A3-9C60-48D1817099D3}"
EndProject
Project("{8BC9CEB8-8B4A-11D0-8D11-00A0C91BC942}") = "LRL_Tools", "LRL_Tools\LRL_Tools.vcxproj", "{1F49717D-473C-4A61-B03A-BC1EE3F2E9B4}"
EndProject
Project("{8BC9CEB8-8B4A-11D0-8D11-00A0C91BC942}") = "SELLA", "SELLA\SELLA.vcxproj", "{195A38F1-6508-4C1A-8658-3526DC594143}"
EndProject
Project("{8BC9CEB8-8B4A-11D0-8D11-00A0C91BC942}") = "SELLA_DEV", "SELLA_DEV\SELLA_DEV.vcxproj", "{747FA255-CB90-4318-99B8-8E38674DC525}"
EndProject
Project("{8BC9CEB8-8B4A-11D0-8D11-00A0C91BC942}") = "ReductionTimeingTests", "ReductionTimeingTests\ReductionTimeingTests.vcxproj", "{997F26BD-35A5-473C-96D9-8106BC29BC3C}"
EndProject
Project("{8BC9CEB8-8B4A-11D0-8D11-00A0C91BC942}") = "S6TestDist", "S6TestDist\S6TestDist.vcxproj", "{B3B96CC8-8595-4F72-9C7B-761C5AF24FA7}"
EndProject
Project("{8BC9CEB8-8B4A-11D0-8D11-00A0C91BC942}") = "SELLA_VERIFY", "SELLA_VERIFY\SELLA_VERIFY.vcxproj", "{0344240D-EDD3-463E-83E4-20631DB02501}"
EndProject
Project("{8BC9CEB8-8B4A-11D0-8D11-00A0C91BC942}") = "Yamada", "Yamada\Yamada.vcxproj", "{76806A99-163C-40D5-9437-DC61EFCC7FF4}"
EndProject
Project("{8BC9CEB8-8B4A-11D0-8D11-00A0C91BC942}") = "LatticeMatchingTest", "LatticeMatchingTest\LatticeMatchingTest.vcxproj", "{16B4348A-BE91-4679-B6EC-F8C05F091A45}"
EndProject
Project("{8BC9CEB8-8B4A-11D0-8D11-00A0C91BC942}") = "MultiMetricDists", "MultiMetricDists\MultiMetricDists.vcxproj", "{B40AD1E3-4331-4C08-8E71-E7A58FA74C35}"
EndProject
Project("{8BC9CEB8-8B4A-11D0-8D11-00A0C91BC942}") = "CmdDelone", "CmdDelone\CmdDelone.vcxproj", "{B24E88D1-A72C-4D37-97E7-24801827A990}"
EndProject
Project("{8BC9CEB8-8B4A-11D0-8D11-00A0C91BC942}") = "CmdNiggli", "CmdNiggli\CmdNiggli.vcxproj", "{CB3AAAB6-7B9D-4D7A-8AC2-49AFF9CA577E}"
EndProject
Project("{8BC9CEB8-8B4A-11D0-8D11-00A0C91BC942}") = "CmdS6Refl", "CmdS6Refl\CmdS6Refl.vcxproj", "{8CB8BAE6-5B60-4765-AB93-3D3A8BADCDDD}"
EndProject
Project("{8BC9CEB8-8B4A-11D0-8D11-00A0C91BC942}") = "CmdToC3", "CmdToC3\CmdToC3.vcxproj", "{8AC979DC-B1F5-48C6-8DFA-9B0FAD207373}"
EndProject
Project("{8BC9CEB8-8B4A-11D0-8D11-00A0C91BC942}") = "CmdToCell", "CmdToCell\CmdToCell.vcxproj", "{49E4836F-B4B2-4C2D-8651-C2D7F8EF713B}"
EndProject
Project("{8BC9CEB8-8B4A-11D0-8D11-00A0C91BC942}") = "CmdToG6", "CmdToG6\CmdToG6.vcxproj", "{AC70C332-EDA1-40D0-9240-2F4E44C7867D}"
EndProject
Project("{8BC9CEB8-8B4A-11D0-8D11-00A0C91BC942}") = "CmdToS6", "CmdToS6\CmdToS6.vcxproj", "{EDC75D04-A9CF-46D5-A3D9-97CC4829EC43}"
EndProject
Project("{8BC9CEB8-8B4A-11D0-8D11-00A0C91BC942}") = "CmdVolume", "CmdVolume\CmdVolume.vcxproj", "{90BA71C8-7FEC-4135-BB77-8CCF50BA0BF9}"
EndProject
Project("{8BC9CEB8-8B4A-11D0-8D11-00A0C91BC942}") = "Dirichlet", "Dirichlet\Dirichlet.vcxproj", "{8FE12B81-9FB6-44CA-8FE4-9CE1DACA5BFE}"
EndProject
Project("{8BC9CEB8-8B4A-11D0-8D11-00A0C91BC942}") = "CmdToB4", "CmdToB4\CmdToB4.vcxproj", "{72F0BDAF-C933-4C12-B937-6D799C376201}"
EndProject
Project("{8BC9CEB8-8B4A-11D0-8D11-00A0C91BC942}") = "CmdToD13", "CmdToD13\CmdToD13.vcxproj", "{CDEFAD2A-9EB3-47D0-A58C-E7FAD05EA037}"
EndProject
Project("{8BC9CEB8-8B4A-11D0-8D11-00A0C91BC942}") = "CmdToDC", "CmdToDC\CmdToDC.vcxproj", "{1A1C159C-A814-42EA-ABBB-5B26C158A1F4}"
EndProject
Project("{8BC9CEB8-8B4A-11D0-8D11-00A0C91BC942}") = "CmdPath", "CmdPath\CmdPath.vcxproj", "{6CDE42FA-621A-4690-8A30-46546E58F6EB}"
EndProject
Project("{8BC9CEB8-8B4A-11D0-8D11-00A0C91BC942}") = "CmdLM", "CmdLM\CmdLM.vcxproj", "{2E8279AE-5BD9-480F-A806-B4480636EF1B}"
EndProject
Project("{8BC9CEB8-8B4A-11D0-8D11-00A0C91BC942}") = "BUnique", "BUnique\BUnique.vcxproj", "{6C130CDC-0B1D-4CE3-AD1F-40263B3E02D3}"
EndProject
Project("{8BC9CEB8-8B4A-11D0-8D11-00A0C91BC942}") = "CmdCmplx", "CmdCmplx\CmdCmplx.vcxproj", "{590580A8-1C78-4513-90C3-2B2EB95C4E6B}"
EndProject
Project("{8BC9CEB8-8B4A-11D0-8D11-00A0C91BC942}") = "LatticeMatching", "LatticeMatching\LatticeMatching.vcxproj", "{15E58A7C-B442-4BC1-918E-259484CDD5F3}"
EndProject
Project("{8BC9CEB8-8B4A-11D0-8D11-00A0C91BC942}") = "Gen_DC7", "Gen_DC7\Gen_DC7.vcxproj", "{2C49969D-FE7A-4512-8257-EEC54B5C4749}"
EndProject
Project("{8BC9CEB8-8B4A-11D0-8D11-00A0C91BC942}") = "FigureGrassmannian", "FigureGrassmannian\FigureGrassmannian.vcxproj", "{89122A3C-BCF4-45FD-AADD-19C91476B317}"
EndProject
Project("{8BC9CEB8-8B4A-11D0-8D11-00A0C91BC942}") = "CmdGen", "cmdgen\cmdgen.vcxproj", "{79B30DB3-BF22-476C-862A-B61D3BC9918E}"
EndProject
Project("{8BC9CEB8-8B4A-11D0-8D11-00A0C91BC942}") = "CmdPerturb", "CmdPerturb\CmdPerturb.vcxproj", "{B4AE6B73-B554-427A-801A-3D887497927B}"
EndProject
Project("{8BC9CEB8-8B4A-11D0-8D11-00A0C91BC942}") = "CmdDists", "CmdDists\CmdDists.vcxproj", "{B16CD2D5-5251-4F34-B5A2-65C72E0179FA}"
EndProject
Project("{8BC9CEB8-8B4A-11D0-8D11-00A0C91BC942}") = "CmdSella", "CmdSella\CmdSella.vcxproj", "{BA7C0A37-FD1C-43DA-B2FC-FEBC6CF1221B}"
EndProject
Project("{8BC9CEB8-8B4A-11D0-8D11-00A0C91BC942}") = "Radial", "Radial\Radial.vcxproj", "{33463275-9961-444C-B6E7-EE2083729DEC}"
EndProject
Global
	GlobalSection(SolutionConfigurationPlatforms) = preSolution
		Debug|x64 = Debug|x64
		Debug|x86 = Debug|x86
		Release|x64 = Release|x64
		Release|x86 = Release|x86
	EndGlobalSection
	GlobalSection(ProjectConfigurationPlatforms) = postSolution
		{BF25D7AA-648C-48D2-B857-D383FAF1E215}.Debug|x64.ActiveCfg = Debug|x64
		{BF25D7AA-648C-48D2-B857-D383FAF1E215}.Debug|x64.Build.0 = Debug|x64
		{BF25D7AA-648C-48D2-B857-D383FAF1E215}.Debug|x86.ActiveCfg = Debug|Win32
		{BF25D7AA-648C-48D2-B857-D383FAF1E215}.Debug|x86.Build.0 = Debug|Win32
		{BF25D7AA-648C-48D2-B857-D383FAF1E215}.Release|x64.ActiveCfg = Release|x64
		{BF25D7AA-648C-48D2-B857-D383FAF1E215}.Release|x64.Build.0 = Release|x64
		{BF25D7AA-648C-48D2-B857-D383FAF1E215}.Release|x86.ActiveCfg = Release|Win32
		{BF25D7AA-648C-48D2-B857-D383FAF1E215}.Release|x86.Build.0 = Release|Win32
		{620506F1-EFDD-4AAE-9C0D-00503E7E5AB1}.Debug|x64.ActiveCfg = Debug|x64
		{620506F1-EFDD-4AAE-9C0D-00503E7E5AB1}.Debug|x64.Build.0 = Debug|x64
		{620506F1-EFDD-4AAE-9C0D-00503E7E5AB1}.Debug|x86.ActiveCfg = Debug|Win32
		{620506F1-EFDD-4AAE-9C0D-00503E7E5AB1}.Debug|x86.Build.0 = Debug|Win32
		{620506F1-EFDD-4AAE-9C0D-00503E7E5AB1}.Release|x64.ActiveCfg = Release|x64
		{620506F1-EFDD-4AAE-9C0D-00503E7E5AB1}.Release|x64.Build.0 = Release|x64
		{620506F1-EFDD-4AAE-9C0D-00503E7E5AB1}.Release|x86.ActiveCfg = Release|Win32
		{620506F1-EFDD-4AAE-9C0D-00503E7E5AB1}.Release|x86.Build.0 = Release|Win32
		{688FC5C9-33CC-4135-ACAC-90569E523ECC}.Debug|x64.ActiveCfg = Debug|x64
		{688FC5C9-33CC-4135-ACAC-90569E523ECC}.Debug|x64.Build.0 = Debug|x64
		{688FC5C9-33CC-4135-ACAC-90569E523ECC}.Debug|x86.ActiveCfg = Debug|Win32
		{688FC5C9-33CC-4135-ACAC-90569E523ECC}.Debug|x86.Build.0 = Debug|Win32
		{688FC5C9-33CC-4135-ACAC-90569E523ECC}.Release|x64.ActiveCfg = Release|x64
		{688FC5C9-33CC-4135-ACAC-90569E523ECC}.Release|x64.Build.0 = Release|x64
		{688FC5C9-33CC-4135-ACAC-90569E523ECC}.Release|x86.ActiveCfg = Release|Win32
		{688FC5C9-33CC-4135-ACAC-90569E523ECC}.Release|x86.Build.0 = Release|Win32
		{99509FD2-CF02-496A-9979-7C34A84CA3CC}.Debug|x64.ActiveCfg = Debug|x64
		{99509FD2-CF02-496A-9979-7C34A84CA3CC}.Debug|x64.Build.0 = Debug|x64
		{99509FD2-CF02-496A-9979-7C34A84CA3CC}.Debug|x86.ActiveCfg = Debug|Win32
		{99509FD2-CF02-496A-9979-7C34A84CA3CC}.Debug|x86.Build.0 = Debug|Win32
		{99509FD2-CF02-496A-9979-7C34A84CA3CC}.Release|x64.ActiveCfg = Release|x64
		{99509FD2-CF02-496A-9979-7C34A84CA3CC}.Release|x64.Build.0 = Release|x64
		{99509FD2-CF02-496A-9979-7C34A84CA3CC}.Release|x86.ActiveCfg = Release|Win32
		{99509FD2-CF02-496A-9979-7C34A84CA3CC}.Release|x86.Build.0 = Release|Win32
		{4E1534A0-569E-40FA-8702-77638702DAAB}.Debug|x64.ActiveCfg = Debug|x64
		{4E1534A0-569E-40FA-8702-77638702DAAB}.Debug|x64.Build.0 = Debug|x64
		{4E1534A0-569E-40FA-8702-77638702DAAB}.Debug|x86.ActiveCfg = Debug|Win32
		{4E1534A0-569E-40FA-8702-77638702DAAB}.Debug|x86.Build.0 = Debug|Win32
		{4E1534A0-569E-40FA-8702-77638702DAAB}.Release|x64.ActiveCfg = Release|x64
		{4E1534A0-569E-40FA-8702-77638702DAAB}.Release|x64.Build.0 = Release|x64
		{4E1534A0-569E-40FA-8702-77638702DAAB}.Release|x86.ActiveCfg = Release|Win32
		{4E1534A0-569E-40FA-8702-77638702DAAB}.Release|x86.Build.0 = Release|Win32
		{14DB5FDB-F3AE-466E-89CD-91C1073D04A4}.Debug|x64.ActiveCfg = Debug|x64
		{14DB5FDB-F3AE-466E-89CD-91C1073D04A4}.Debug|x64.Build.0 = Debug|x64
		{14DB5FDB-F3AE-466E-89CD-91C1073D04A4}.Debug|x86.ActiveCfg = Debug|Win32
		{14DB5FDB-F3AE-466E-89CD-91C1073D04A4}.Debug|x86.Build.0 = Debug|Win32
		{14DB5FDB-F3AE-466E-89CD-91C1073D04A4}.Release|x64.ActiveCfg = Release|x64
		{14DB5FDB-F3AE-466E-89CD-91C1073D04A4}.Release|x64.Build.0 = Release|x64
		{14DB5FDB-F3AE-466E-89CD-91C1073D04A4}.Release|x86.ActiveCfg = Release|Win32
		{14DB5FDB-F3AE-466E-89CD-91C1073D04A4}.Release|x86.Build.0 = Release|Win32
		{36AA3C95-65AE-4AE0-9BD3-BAAB8FA738EE}.Debug|x64.ActiveCfg = Debug|x64
		{36AA3C95-65AE-4AE0-9BD3-BAAB8FA738EE}.Debug|x64.Build.0 = Debug|x64
		{36AA3C95-65AE-4AE0-9BD3-BAAB8FA738EE}.Debug|x86.ActiveCfg = Debug|Win32
		{36AA3C95-65AE-4AE0-9BD3-BAAB8FA738EE}.Debug|x86.Build.0 = Debug|Win32
		{36AA3C95-65AE-4AE0-9BD3-BAAB8FA738EE}.Release|x64.ActiveCfg = Release|x64
		{36AA3C95-65AE-4AE0-9BD3-BAAB8FA738EE}.Release|x64.Build.0 = Release|x64
		{36AA3C95-65AE-4AE0-9BD3-BAAB8FA738EE}.Release|x86.ActiveCfg = Release|Win32
		{36AA3C95-65AE-4AE0-9BD3-BAAB8FA738EE}.Release|x86.Build.0 = Release|Win32
		{43071896-57B1-4A9D-9DBC-8D2EAF97EFA0}.Debug|x64.ActiveCfg = Debug|x64
		{43071896-57B1-4A9D-9DBC-8D2EAF97EFA0}.Debug|x64.Build.0 = Debug|x64
		{43071896-57B1-4A9D-9DBC-8D2EAF97EFA0}.Debug|x86.ActiveCfg = Debug|Win32
		{43071896-57B1-4A9D-9DBC-8D2EAF97EFA0}.Debug|x86.Build.0 = Debug|Win32
		{43071896-57B1-4A9D-9DBC-8D2EAF97EFA0}.Release|x64.ActiveCfg = Release|x64
		{43071896-57B1-4A9D-9DBC-8D2EAF97EFA0}.Release|x64.Build.0 = Release|x64
		{43071896-57B1-4A9D-9DBC-8D2EAF97EFA0}.Release|x86.ActiveCfg = Release|Win32
		{43071896-57B1-4A9D-9DBC-8D2EAF97EFA0}.Release|x86.Build.0 = Release|Win32
		{D1FBB88D-3BCA-4DE7-9ED0-AC6DCB182F28}.Debug|x64.ActiveCfg = Debug|x64
		{D1FBB88D-3BCA-4DE7-9ED0-AC6DCB182F28}.Debug|x64.Build.0 = Debug|x64
		{D1FBB88D-3BCA-4DE7-9ED0-AC6DCB182F28}.Debug|x86.ActiveCfg = Debug|Win32
		{D1FBB88D-3BCA-4DE7-9ED0-AC6DCB182F28}.Debug|x86.Build.0 = Debug|Win32
		{D1FBB88D-3BCA-4DE7-9ED0-AC6DCB182F28}.Release|x64.ActiveCfg = Release|x64
		{D1FBB88D-3BCA-4DE7-9ED0-AC6DCB182F28}.Release|x64.Build.0 = Release|x64
		{D1FBB88D-3BCA-4DE7-9ED0-AC6DCB182F28}.Release|x86.ActiveCfg = Release|Win32
		{D1FBB88D-3BCA-4DE7-9ED0-AC6DCB182F28}.Release|x86.Build.0 = Release|Win32
		{AABD4381-036F-40A3-9C60-48D1817099D3}.Debug|x64.ActiveCfg = Debug|x64
		{AABD4381-036F-40A3-9C60-48D1817099D3}.Debug|x64.Build.0 = Debug|x64
		{AABD4381-036F-40A3-9C60-48D1817099D3}.Debug|x86.ActiveCfg = Debug|Win32
		{AABD4381-036F-40A3-9C60-48D1817099D3}.Debug|x86.Build.0 = Debug|Win32
		{AABD4381-036F-40A3-9C60-48D1817099D3}.Release|x64.ActiveCfg = Release|x64
		{AABD4381-036F-40A3-9C60-48D1817099D3}.Release|x64.Build.0 = Release|x64
		{AABD4381-036F-40A3-9C60-48D1817099D3}.Release|x86.ActiveCfg = Release|Win32
		{AABD4381-036F-40A3-9C60-48D1817099D3}.Release|x86.Build.0 = Release|Win32
		{1F49717D-473C-4A61-B03A-BC1EE3F2E9B4}.Debug|x64.ActiveCfg = Debug|x64
		{1F49717D-473C-4A61-B03A-BC1EE3F2E9B4}.Debug|x64.Build.0 = Debug|x64
		{1F49717D-473C-4A61-B03A-BC1EE3F2E9B4}.Debug|x86.ActiveCfg = Debug|Win32
		{1F49717D-473C-4A61-B03A-BC1EE3F2E9B4}.Debug|x86.Build.0 = Debug|Win32
		{1F49717D-473C-4A61-B03A-BC1EE3F2E9B4}.Release|x64.ActiveCfg = Release|x64
		{1F49717D-473C-4A61-B03A-BC1EE3F2E9B4}.Release|x64.Build.0 = Release|x64
		{1F49717D-473C-4A61-B03A-BC1EE3F2E9B4}.Release|x86.ActiveCfg = Release|Win32
		{1F49717D-473C-4A61-B03A-BC1EE3F2E9B4}.Release|x86.Build.0 = Release|Win32
		{195A38F1-6508-4C1A-8658-3526DC594143}.Debug|x64.ActiveCfg = Debug|x64
		{195A38F1-6508-4C1A-8658-3526DC594143}.Debug|x64.Build.0 = Debug|x64
		{195A38F1-6508-4C1A-8658-3526DC594143}.Debug|x86.ActiveCfg = Debug|Win32
		{195A38F1-6508-4C1A-8658-3526DC594143}.Debug|x86.Build.0 = Debug|Win32
		{195A38F1-6508-4C1A-8658-3526DC594143}.Release|x64.ActiveCfg = Release|x64
		{195A38F1-6508-4C1A-8658-3526DC594143}.Release|x64.Build.0 = Release|x64
		{195A38F1-6508-4C1A-8658-3526DC594143}.Release|x86.ActiveCfg = Release|Win32
		{195A38F1-6508-4C1A-8658-3526DC594143}.Release|x86.Build.0 = Release|Win32
		{747FA255-CB90-4318-99B8-8E38674DC525}.Debug|x64.ActiveCfg = Debug|x64
		{747FA255-CB90-4318-99B8-8E38674DC525}.Debug|x64.Build.0 = Debug|x64
		{747FA255-CB90-4318-99B8-8E38674DC525}.Debug|x86.ActiveCfg = Debug|Win32
		{747FA255-CB90-4318-99B8-8E38674DC525}.Debug|x86.Build.0 = Debug|Win32
		{747FA255-CB90-4318-99B8-8E38674DC525}.Release|x64.ActiveCfg = Release|x64
		{747FA255-CB90-4318-99B8-8E38674DC525}.Release|x64.Build.0 = Release|x64
		{747FA255-CB90-4318-99B8-8E38674DC525}.Release|x86.ActiveCfg = Release|Win32
		{747FA255-CB90-4318-99B8-8E38674DC525}.Release|x86.Build.0 = Release|Win32
		{997F26BD-35A5-473C-96D9-8106BC29BC3C}.Debug|x64.ActiveCfg = Debug|x64
		{997F26BD-35A5-473C-96D9-8106BC29BC3C}.Debug|x64.Build.0 = Debug|x64
		{997F26BD-35A5-473C-96D9-8106BC29BC3C}.Debug|x86.ActiveCfg = Debug|Win32
		{997F26BD-35A5-473C-96D9-8106BC29BC3C}.Debug|x86.Build.0 = Debug|Win32
		{997F26BD-35A5-473C-96D9-8106BC29BC3C}.Release|x64.ActiveCfg = Release|x64
		{997F26BD-35A5-473C-96D9-8106BC29BC3C}.Release|x64.Build.0 = Release|x64
		{997F26BD-35A5-473C-96D9-8106BC29BC3C}.Release|x86.ActiveCfg = Release|Win32
		{997F26BD-35A5-473C-96D9-8106BC29BC3C}.Release|x86.Build.0 = Release|Win32
		{B3B96CC8-8595-4F72-9C7B-761C5AF24FA7}.Debug|x64.ActiveCfg = Debug|x64
		{B3B96CC8-8595-4F72-9C7B-761C5AF24FA7}.Debug|x64.Build.0 = Debug|x64
		{B3B96CC8-8595-4F72-9C7B-761C5AF24FA7}.Debug|x86.ActiveCfg = Debug|Win32
		{B3B96CC8-8595-4F72-9C7B-761C5AF24FA7}.Debug|x86.Build.0 = Debug|Win32
		{B3B96CC8-8595-4F72-9C7B-761C5AF24FA7}.Release|x64.ActiveCfg = Release|x64
		{B3B96CC8-8595-4F72-9C7B-761C5AF24FA7}.Release|x64.Build.0 = Release|x64
		{B3B96CC8-8595-4F72-9C7B-761C5AF24FA7}.Release|x86.ActiveCfg = Release|Win32
		{B3B96CC8-8595-4F72-9C7B-761C5AF24FA7}.Release|x86.Build.0 = Release|Win32
		{0344240D-EDD3-463E-83E4-20631DB02501}.Debug|x64.ActiveCfg = Debug|x64
		{0344240D-EDD3-463E-83E4-20631DB02501}.Debug|x64.Build.0 = Debug|x64
		{0344240D-EDD3-463E-83E4-20631DB02501}.Debug|x86.ActiveCfg = Debug|Win32
		{0344240D-EDD3-463E-83E4-20631DB02501}.Debug|x86.Build.0 = Debug|Win32
		{0344240D-EDD3-463E-83E4-20631DB02501}.Release|x64.ActiveCfg = Release|x64
		{0344240D-EDD3-463E-83E4-20631DB02501}.Release|x64.Build.0 = Release|x64
		{0344240D-EDD3-463E-83E4-20631DB02501}.Release|x86.ActiveCfg = Release|Win32
		{0344240D-EDD3-463E-83E4-20631DB02501}.Release|x86.Build.0 = Release|Win32
		{76806A99-163C-40D5-9437-DC61EFCC7FF4}.Debug|x64.ActiveCfg = Debug|x64
		{76806A99-163C-40D5-9437-DC61EFCC7FF4}.Debug|x64.Build.0 = Debug|x64
		{76806A99-163C-40D5-9437-DC61EFCC7FF4}.Debug|x86.ActiveCfg = Debug|Win32
		{76806A99-163C-40D5-9437-DC61EFCC7FF4}.Debug|x86.Build.0 = Debug|Win32
		{76806A99-163C-40D5-9437-DC61EFCC7FF4}.Release|x64.ActiveCfg = Release|x64
		{76806A99-163C-40D5-9437-DC61EFCC7FF4}.Release|x64.Build.0 = Release|x64
		{76806A99-163C-40D5-9437-DC61EFCC7FF4}.Release|x86.ActiveCfg = Release|Win32
		{76806A99-163C-40D5-9437-DC61EFCC7FF4}.Release|x86.Build.0 = Release|Win32
		{16B4348A-BE91-4679-B6EC-F8C05F091A45}.Debug|x64.ActiveCfg = Debug|x64
		{16B4348A-BE91-4679-B6EC-F8C05F091A45}.Debug|x64.Build.0 = Debug|x64
		{16B4348A-BE91-4679-B6EC-F8C05F091A45}.Debug|x86.ActiveCfg = Debug|Win32
		{16B4348A-BE91-4679-B6EC-F8C05F091A45}.Debug|x86.Build.0 = Debug|Win32
		{16B4348A-BE91-4679-B6EC-F8C05F091A45}.Release|x64.ActiveCfg = Release|x64
		{16B4348A-BE91-4679-B6EC-F8C05F091A45}.Release|x64.Build.0 = Release|x64
		{16B4348A-BE91-4679-B6EC-F8C05F091A45}.Release|x86.ActiveCfg = Release|Win32
		{16B4348A-BE91-4679-B6EC-F8C05F091A45}.Release|x86.Build.0 = Release|Win32
		{B40AD1E3-4331-4C08-8E71-E7A58FA74C35}.Debug|x64.ActiveCfg = Debug|x64
		{B40AD1E3-4331-4C08-8E71-E7A58FA74C35}.Debug|x64.Build.0 = Debug|x64
		{B40AD1E3-4331-4C08-8E71-E7A58FA74C35}.Debug|x86.ActiveCfg = Debug|Win32
		{B40AD1E3-4331-4C08-8E71-E7A58FA74C35}.Debug|x86.Build.0 = Debug|Win32
		{B40AD1E3-4331-4C08-8E71-E7A58FA74C35}.Release|x64.ActiveCfg = Release|x64
		{B40AD1E3-4331-4C08-8E71-E7A58FA74C35}.Release|x64.Build.0 = Release|x64
		{B40AD1E3-4331-4C08-8E71-E7A58FA74C35}.Release|x86.ActiveCfg = Release|Win32
		{B40AD1E3-4331-4C08-8E71-E7A58FA74C35}.Release|x86.Build.0 = Release|Win32
		{B24E88D1-A72C-4D37-97E7-24801827A990}.Debug|x64.ActiveCfg = Debug|x64
		{B24E88D1-A72C-4D37-97E7-24801827A990}.Debug|x64.Build.0 = Debug|x64
		{B24E88D1-A72C-4D37-97E7-24801827A990}.Debug|x86.ActiveCfg = Debug|Win32
		{B24E88D1-A72C-4D37-97E7-24801827A990}.Debug|x86.Build.0 = Debug|Win32
		{B24E88D1-A72C-4D37-97E7-24801827A990}.Release|x64.ActiveCfg = Release|x64
		{B24E88D1-A72C-4D37-97E7-24801827A990}.Release|x64.Build.0 = Release|x64
		{B24E88D1-A72C-4D37-97E7-24801827A990}.Release|x86.ActiveCfg = Release|Win32
		{B24E88D1-A72C-4D37-97E7-24801827A990}.Release|x86.Build.0 = Release|Win32
		{CB3AAAB6-7B9D-4D7A-8AC2-49AFF9CA577E}.Debug|x64.ActiveCfg = Debug|x64
		{CB3AAAB6-7B9D-4D7A-8AC2-49AFF9CA577E}.Debug|x64.Build.0 = Debug|x64
		{CB3AAAB6-7B9D-4D7A-8AC2-49AFF9CA577E}.Debug|x86.ActiveCfg = Debug|Win32
		{CB3AAAB6-7B9D-4D7A-8AC2-49AFF9CA577E}.Debug|x86.Build.0 = Debug|Win32
		{CB3AAAB6-7B9D-4D7A-8AC2-49AFF9CA577E}.Release|x64.ActiveCfg = Release|x64
		{CB3AAAB6-7B9D-4D7A-8AC2-49AFF9CA577E}.Release|x64.Build.0 = Release|x64
		{CB3AAAB6-7B9D-4D7A-8AC2-49AFF9CA577E}.Release|x86.ActiveCfg = Release|Win32
		{CB3AAAB6-7B9D-4D7A-8AC2-49AFF9CA577E}.Release|x86.Build.0 = Release|Win32
		{8CB8BAE6-5B60-4765-AB93-3D3A8BADCDDD}.Debug|x64.ActiveCfg = Debug|x64
		{8CB8BAE6-5B60-4765-AB93-3D3A8BADCDDD}.Debug|x64.Build.0 = Debug|x64
		{8CB8BAE6-5B60-4765-AB93-3D3A8BADCDDD}.Debug|x86.ActiveCfg = Debug|Win32
		{8CB8BAE6-5B60-4765-AB93-3D3A8BADCDDD}.Debug|x86.Build.0 = Debug|Win32
		{8CB8BAE6-5B60-4765-AB93-3D3A8BADCDDD}.Release|x64.ActiveCfg = Release|x64
		{8CB8BAE6-5B60-4765-AB93-3D3A8BADCDDD}.Release|x64.Build.0 = Release|x64
		{8CB8BAE6-5B60-4765-AB93-3D3A8BADCDDD}.Release|x86.ActiveCfg = Release|Win32
		{8CB8BAE6-5B60-4765-AB93-3D3A8BADCDDD}.Release|x86.Build.0 = Release|Win32
		{8AC979DC-B1F5-48C6-8DFA-9B0FAD207373}.Debug|x64.ActiveCfg = Debug|x64
		{8AC979DC-B1F5-48C6-8DFA-9B0FAD207373}.Debug|x64.Build.0 = Debug|x64
		{8AC979DC-B1F5-48C6-8DFA-9B0FAD207373}.Debug|x86.ActiveCfg = Debug|Win32
		{8AC979DC-B1F5-48C6-8DFA-9B0FAD207373}.Debug|x86.Build.0 = Debug|Win32
		{8AC979DC-B1F5-48C6-8DFA-9B0FAD207373}.Release|x64.ActiveCfg = Release|x64
		{8AC979DC-B1F5-48C6-8DFA-9B0FAD207373}.Release|x64.Build.0 = Release|x64
		{8AC979DC-B1F5-48C6-8DFA-9B0FAD207373}.Release|x86.ActiveCfg = Release|Win32
		{8AC979DC-B1F5-48C6-8DFA-9B0FAD207373}.Release|x86.Build.0 = Release|Win32
		{49E4836F-B4B2-4C2D-8651-C2D7F8EF713B}.Debug|x64.ActiveCfg = Debug|x64
		{49E4836F-B4B2-4C2D-8651-C2D7F8EF713B}.Debug|x64.Build.0 = Debug|x64
		{49E4836F-B4B2-4C2D-8651-C2D7F8EF713B}.Debug|x86.ActiveCfg = Debug|Win32
		{49E4836F-B4B2-4C2D-8651-C2D7F8EF713B}.Debug|x86.Build.0 = Debug|Win32
		{49E4836F-B4B2-4C2D-8651-C2D7F8EF713B}.Release|x64.ActiveCfg = Release|x64
		{49E4836F-B4B2-4C2D-8651-C2D7F8EF713B}.Release|x64.Build.0 = Release|x64
		{49E4836F-B4B2-4C2D-8651-C2D7F8EF713B}.Release|x86.ActiveCfg = Release|Win32
		{49E4836F-B4B2-4C2D-8651-C2D7F8EF713B}.Release|x86.Build.0 = Release|Win32
		{AC70C332-EDA1-40D0-9240-2F4E44C7867D}.Debug|x64.ActiveCfg = Debug|x64
		{AC70C332-EDA1-40D0-9240-2F4E44C7867D}.Debug|x64.Build.0 = Debug|x64
		{AC70C332-EDA1-40D0-9240-2F4E44C7867D}.Debug|x86.ActiveCfg = Debug|Win32
		{AC70C332-EDA1-40D0-9240-2F4E44C7867D}.Debug|x86.Build.0 = Debug|Win32
		{AC70C332-EDA1-40D0-9240-2F4E44C7867D}.Release|x64.ActiveCfg = Release|x64
		{AC70C332-EDA1-40D0-9240-2F4E44C7867D}.Release|x64.Build.0 = Release|x64
		{AC70C332-EDA1-40D0-9240-2F4E44C7867D}.Release|x86.ActiveCfg = Release|Win32
		{AC70C332-EDA1-40D0-9240-2F4E44C7867D}.Release|x86.Build.0 = Release|Win32
		{EDC75D04-A9CF-46D5-A3D9-97CC4829EC43}.Debug|x64.ActiveCfg = Debug|x64
		{EDC75D04-A9CF-46D5-A3D9-97CC4829EC43}.Debug|x64.Build.0 = Debug|x64
		{EDC75D04-A9CF-46D5-A3D9-97CC4829EC43}.Debug|x86.ActiveCfg = Debug|Win32
		{EDC75D04-A9CF-46D5-A3D9-97CC4829EC43}.Debug|x86.Build.0 = Debug|Win32
		{EDC75D04-A9CF-46D5-A3D9-97CC4829EC43}.Release|x64.ActiveCfg = Release|x64
		{EDC75D04-A9CF-46D5-A3D9-97CC4829EC43}.Release|x64.Build.0 = Release|x64
		{EDC75D04-A9CF-46D5-A3D9-97CC4829EC43}.Release|x86.ActiveCfg = Release|Win32
		{EDC75D04-A9CF-46D5-A3D9-97CC4829EC43}.Release|x86.Build.0 = Release|Win32
		{90BA71C8-7FEC-4135-BB77-8CCF50BA0BF9}.Debug|x64.ActiveCfg = Debug|x64
		{90BA71C8-7FEC-4135-BB77-8CCF50BA0BF9}.Debug|x64.Build.0 = Debug|x64
		{90BA71C8-7FEC-4135-BB77-8CCF50BA0BF9}.Debug|x86.ActiveCfg = Debug|Win32
		{90BA71C8-7FEC-4135-BB77-8CCF50BA0BF9}.Debug|x86.Build.0 = Debug|Win32
		{90BA71C8-7FEC-4135-BB77-8CCF50BA0BF9}.Release|x64.ActiveCfg = Release|x64
		{90BA71C8-7FEC-4135-BB77-8CCF50BA0BF9}.Release|x64.Build.0 = Release|x64
		{90BA71C8-7FEC-4135-BB77-8CCF50BA0BF9}.Release|x86.ActiveCfg = Release|Win32
		{90BA71C8-7FEC-4135-BB77-8CCF50BA0BF9}.Release|x86.Build.0 = Release|Win32
		{8FE12B81-9FB6-44CA-8FE4-9CE1DACA5BFE}.Debug|x64.ActiveCfg = Debug|x64
		{8FE12B81-9FB6-44CA-8FE4-9CE1DACA5BFE}.Debug|x64.Build.0 = Debug|x64
		{8FE12B81-9FB6-44CA-8FE4-9CE1DACA5BFE}.Debug|x86.ActiveCfg = Debug|Win32
		{8FE12B81-9FB6-44CA-8FE4-9CE1DACA5BFE}.Debug|x86.Build.0 = Debug|Win32
		{8FE12B81-9FB6-44CA-8FE4-9CE1DACA5BFE}.Release|x64.ActiveCfg = Release|x64
		{8FE12B81-9FB6-44CA-8FE4-9CE1DACA5BFE}.Release|x64.Build.0 = Release|x64
		{8FE12B81-9FB6-44CA-8FE4-9CE1DACA5BFE}.Release|x86.ActiveCfg = Release|Win32
		{8FE12B81-9FB6-44CA-8FE4-9CE1DACA5BFE}.Release|x86.Build.0 = Release|Win32
		{72F0BDAF-C933-4C12-B937-6D799C376201}.Debug|x64.ActiveCfg = Debug|x64
		{72F0BDAF-C933-4C12-B937-6D799C376201}.Debug|x64.Build.0 = Debug|x64
		{72F0BDAF-C933-4C12-B937-6D799C376201}.Debug|x86.ActiveCfg = Debug|Win32
		{72F0BDAF-C933-4C12-B937-6D799C376201}.Debug|x86.Build.0 = Debug|Win32
		{72F0BDAF-C933-4C12-B937-6D799C376201}.Release|x64.ActiveCfg = Release|x64
		{72F0BDAF-C933-4C12-B937-6D799C376201}.Release|x64.Build.0 = Release|x64
		{72F0BDAF-C933-4C12-B937-6D799C376201}.Release|x86.ActiveCfg = Release|Win32
		{72F0BDAF-C933-4C12-B937-6D799C376201}.Release|x86.Build.0 = Release|Win32
		{CDEFAD2A-9EB3-47D0-A58C-E7FAD05EA037}.Debug|x64.ActiveCfg = Debug|x64
		{CDEFAD2A-9EB3-47D0-A58C-E7FAD05EA037}.Debug|x64.Build.0 = Debug|x64
		{CDEFAD2A-9EB3-47D0-A58C-E7FAD05EA037}.Debug|x86.ActiveCfg = Debug|Win32
		{CDEFAD2A-9EB3-47D0-A58C-E7FAD05EA037}.Debug|x86.Build.0 = Debug|Win32
		{CDEFAD2A-9EB3-47D0-A58C-E7FAD05EA037}.Release|x64.ActiveCfg = Release|x64
		{CDEFAD2A-9EB3-47D0-A58C-E7FAD05EA037}.Release|x64.Build.0 = Release|x64
		{CDEFAD2A-9EB3-47D0-A58C-E7FAD05EA037}.Release|x86.ActiveCfg = Release|Win32
		{CDEFAD2A-9EB3-47D0-A58C-E7FAD05EA037}.Release|x86.Build.0 = Release|Win32
		{1A1C159C-A814-42EA-ABBB-5B26C158A1F4}.Debug|x64.ActiveCfg = Debug|x64
		{1A1C159C-A814-42EA-ABBB-5B26C158A1F4}.Debug|x64.Build.0 = Debug|x64
		{1A1C159C-A814-42EA-ABBB-5B26C158A1F4}.Debug|x86.ActiveCfg = Debug|Win32
		{1A1C159C-A814-42EA-ABBB-5B26C158A1F4}.Debug|x86.Build.0 = Debug|Win32
		{1A1C159C-A814-42EA-ABBB-5B26C158A1F4}.Release|x64.ActiveCfg = Release|x64
		{1A1C159C-A814-42EA-ABBB-5B26C158A1F4}.Release|x64.Build.0 = Release|x64
		{1A1C159C-A814-42EA-ABBB-5B26C158A1F4}.Release|x86.ActiveCfg = Release|Win32
		{1A1C159C-A814-42EA-ABBB-5B26C158A1F4}.Release|x86.Build.0 = Release|Win32
		{6CDE42FA-621A-4690-8A30-46546E58F6EB}.Debug|x64.ActiveCfg = Debug|x64
		{6CDE42FA-621A-4690-8A30-46546E58F6EB}.Debug|x64.Build.0 = Debug|x64
		{6CDE42FA-621A-4690-8A30-46546E58F6EB}.Debug|x86.ActiveCfg = Debug|Win32
		{6CDE42FA-621A-4690-8A30-46546E58F6EB}.Debug|x86.Build.0 = Debug|Win32
		{6CDE42FA-621A-4690-8A30-46546E58F6EB}.Release|x64.ActiveCfg = Release|x64
		{6CDE42FA-621A-4690-8A30-46546E58F6EB}.Release|x64.Build.0 = Release|x64
		{6CDE42FA-621A-4690-8A30-46546E58F6EB}.Release|x86.ActiveCfg = Release|Win32
		{6CDE42FA-621A-4690-8A30-46546E58F6EB}.Release|x86.Build.0 = Release|Win32
		{2E8279AE-5BD9-480F-A806-B4480636EF1B}.Debug|x64.ActiveCfg = Debug|x64
		{2E8279AE-5BD9-480F-A806-B4480636EF1B}.Debug|x64.Build.0 = Debug|x64
		{2E8279AE-5BD9-480F-A806-B4480636EF1B}.Debug|x86.ActiveCfg = Debug|Win32
		{2E8279AE-5BD9-480F-A806-B4480636EF1B}.Debug|x86.Build.0 = Debug|Win32
		{2E8279AE-5BD9-480F-A806-B4480636EF1B}.Release|x64.ActiveCfg = Release|x64
		{2E8279AE-5BD9-480F-A806-B4480636EF1B}.Release|x64.Build.0 = Release|x64
		{2E8279AE-5BD9-480F-A806-B4480636EF1B}.Release|x86.ActiveCfg = Release|Win32
		{2E8279AE-5BD9-480F-A806-B4480636EF1B}.Release|x86.Build.0 = Release|Win32
		{6C130CDC-0B1D-4CE3-AD1F-40263B3E02D3}.Debug|x64.ActiveCfg = Debug|x64
		{6C130CDC-0B1D-4CE3-AD1F-40263B3E02D3}.Debug|x64.Build.0 = Debug|x64
		{6C130CDC-0B1D-4CE3-AD1F-40263B3E02D3}.Debug|x86.ActiveCfg = Debug|Win32
		{6C130CDC-0B1D-4CE3-AD1F-40263B3E02D3}.Debug|x86.Build.0 = Debug|Win32
		{6C130CDC-0B1D-4CE3-AD1F-40263B3E02D3}.Release|x64.ActiveCfg = Release|x64
		{6C130CDC-0B1D-4CE3-AD1F-40263B3E02D3}.Release|x64.Build.0 = Release|x64
		{6C130CDC-0B1D-4CE3-AD1F-40263B3E02D3}.Release|x86.ActiveCfg = Release|Win32
		{6C130CDC-0B1D-4CE3-AD1F-40263B3E02D3}.Release|x86.Build.0 = Release|Win32
		{590580A8-1C78-4513-90C3-2B2EB95C4E6B}.Debug|x64.ActiveCfg = Debug|x64
		{590580A8-1C78-4513-90C3-2B2EB95C4E6B}.Debug|x64.Build.0 = Debug|x64
		{590580A8-1C78-4513-90C3-2B2EB95C4E6B}.Debug|x86.ActiveCfg = Debug|Win32
		{590580A8-1C78-4513-90C3-2B2EB95C4E6B}.Debug|x86.Build.0 = Debug|Win32
		{590580A8-1C78-4513-90C3-2B2EB95C4E6B}.Release|x64.ActiveCfg = Release|x64
		{590580A8-1C78-4513-90C3-2B2EB95C4E6B}.Release|x64.Build.0 = Release|x64
		{590580A8-1C78-4513-90C3-2B2EB95C4E6B}.Release|x86.ActiveCfg = Release|Win32
		{590580A8-1C78-4513-90C3-2B2EB95C4E6B}.Release|x86.Build.0 = Release|Win32
		{15E58A7C-B442-4BC1-918E-259484CDD5F3}.Debug|x64.ActiveCfg = Debug|x64
		{15E58A7C-B442-4BC1-918E-259484CDD5F3}.Debug|x64.Build.0 = Debug|x64
		{15E58A7C-B442-4BC1-918E-259484CDD5F3}.Debug|x86.ActiveCfg = Debug|Win32
		{15E58A7C-B442-4BC1-918E-259484CDD5F3}.Debug|x86.Build.0 = Debug|Win32
		{15E58A7C-B442-4BC1-918E-259484CDD5F3}.Release|x64.ActiveCfg = Release|x64
		{15E58A7C-B442-4BC1-918E-259484CDD5F3}.Release|x64.Build.0 = Release|x64
		{15E58A7C-B442-4BC1-918E-259484CDD5F3}.Release|x86.ActiveCfg = Release|Win32
		{15E58A7C-B442-4BC1-918E-259484CDD5F3}.Release|x86.Build.0 = Release|Win32
		{2C49969D-FE7A-4512-8257-EEC54B5C4749}.Debug|x64.ActiveCfg = Debug|x64
		{2C49969D-FE7A-4512-8257-EEC54B5C4749}.Debug|x64.Build.0 = Debug|x64
		{2C49969D-FE7A-4512-8257-EEC54B5C4749}.Debug|x86.ActiveCfg = Debug|Win32
		{2C49969D-FE7A-4512-8257-EEC54B5C4749}.Debug|x86.Build.0 = Debug|Win32
		{2C49969D-FE7A-4512-8257-EEC54B5C4749}.Release|x64.ActiveCfg = Release|x64
		{2C49969D-FE7A-4512-8257-EEC54B5C4749}.Release|x64.Build.0 = Release|x64
		{2C49969D-FE7A-4512-8257-EEC54B5C4749}.Release|x86.ActiveCfg = Release|Win32
		{2C49969D-FE7A-4512-8257-EEC54B5C4749}.Release|x86.Build.0 = Release|Win32
		{89122A3C-BCF4-45FD-AADD-19C91476B317}.Debug|x64.ActiveCfg = Debug|x64
		{89122A3C-BCF4-45FD-AADD-19C91476B317}.Debug|x64.Build.0 = Debug|x64
		{89122A3C-BCF4-45FD-AADD-19C91476B317}.Debug|x86.ActiveCfg = Debug|Win32
		{89122A3C-BCF4-45FD-AADD-19C91476B317}.Debug|x86.Build.0 = Debug|Win32
		{89122A3C-BCF4-45FD-AADD-19C91476B317}.Release|x64.ActiveCfg = Release|x64
		{89122A3C-BCF4-45FD-AADD-19C91476B317}.Release|x64.Build.0 = Release|x64
		{89122A3C-BCF4-45FD-AADD-19C91476B317}.Release|x86.ActiveCfg = Release|Win32
		{89122A3C-BCF4-45FD-AADD-19C91476B317}.Release|x86.Build.0 = Release|Win32
		{79B30DB3-BF22-476C-862A-B61D3BC9918E}.Debug|x64.ActiveCfg = Debug|x64
		{79B30DB3-BF22-476C-862A-B61D3BC9918E}.Debug|x64.Build.0 = Debug|x64
		{79B30DB3-BF22-476C-862A-B61D3BC9918E}.Debug|x86.ActiveCfg = Debug|Win32
		{79B30DB3-BF22-476C-862A-B61D3BC9918E}.Debug|x86.Build.0 = Debug|Win32
		{79B30DB3-BF22-476C-862A-B61D3BC9918E}.Release|x64.ActiveCfg = Release|x64
		{79B30DB3-BF22-476C-862A-B61D3BC9918E}.Release|x64.Build.0 = Release|x64
		{79B30DB3-BF22-476C-862A-B61D3BC9918E}.Release|x86.ActiveCfg = Release|Win32
		{79B30DB3-BF22-476C-862A-B61D3BC9918E}.Release|x86.Build.0 = Release|Win32
		{B4AE6B73-B554-427A-801A-3D887497927B}.Debug|x64.ActiveCfg = Debug|x64
		{B4AE6B73-B554-427A-801A-3D887497927B}.Debug|x64.Build.0 = Debug|x64
		{B4AE6B73-B554-427A-801A-3D887497927B}.Debug|x86.ActiveCfg = Debug|Win32
		{B4AE6B73-B554-427A-801A-3D887497927B}.Debug|x86.Build.0 = Debug|Win32
		{B4AE6B73-B554-427A-801A-3D887497927B}.Release|x64.ActiveCfg = Release|x64
		{B4AE6B73-B554-427A-801A-3D887497927B}.Release|x64.Build.0 = Release|x64
		{B4AE6B73-B554-427A-801A-3D887497927B}.Release|x86.ActiveCfg = Release|Win32
		{B4AE6B73-B554-427A-801A-3D887497927B}.Release|x86.Build.0 = Release|Win32
		{B16CD2D5-5251-4F34-B5A2-65C72E0179FA}.Debug|x64.ActiveCfg = Debug|x64
		{B16CD2D5-5251-4F34-B5A2-65C72E0179FA}.Debug|x64.Build.0 = Debug|x64
		{B16CD2D5-5251-4F34-B5A2-65C72E0179FA}.Debug|x86.ActiveCfg = Debug|Win32
		{B16CD2D5-5251-4F34-B5A2-65C72E0179FA}.Debug|x86.Build.0 = Debug|Win32
		{B16CD2D5-5251-4F34-B5A2-65C72E0179FA}.Release|x64.ActiveCfg = Release|x64
		{B16CD2D5-5251-4F34-B5A2-65C72E0179FA}.Release|x64.Build.0 = Release|x64
		{B16CD2D5-5251-4F34-B5A2-65C72E0179FA}.Release|x86.ActiveCfg = Release|Win32
		{B16CD2D5-5251-4F34-B5A2-65C72E0179FA}.Release|x86.Build.0 = Release|Win32
		{BA7C0A37-FD1C-43DA-B2FC-FEBC6CF1221B}.Debug|x64.ActiveCfg = Debug|x64
		{BA7C0A37-FD1C-43DA-B2FC-FEBC6CF1221B}.Debug|x64.Build.0 = Debug|x64
		{BA7C0A37-FD1C-43DA-B2FC-FEBC6CF1221B}.Debug|x86.ActiveCfg = Debug|Win32
		{BA7C0A37-FD1C-43DA-B2FC-FEBC6CF1221B}.Debug|x86.Build.0 = Debug|Win32
		{BA7C0A37-FD1C-43DA-B2FC-FEBC6CF1221B}.Release|x64.ActiveCfg = Release|x64
		{BA7C0A37-FD1C-43DA-B2FC-FEBC6CF1221B}.Release|x64.Build.0 = Release|x64
		{BA7C0A37-FD1C-43DA-B2FC-FEBC6CF1221B}.Release|x86.ActiveCfg = Release|Win32
		{BA7C0A37-FD1C-43DA-B2FC-FEBC6CF1221B}.Release|x86.Build.0 = Release|Win32
		{33463275-9961-444C-B6E7-EE2083729DEC}.Debug|x64.ActiveCfg = Debug|x64
		{33463275-9961-444C-B6E7-EE2083729DEC}.Debug|x64.Build.0 = Debug|x64
		{33463275-9961-444C-B6E7-EE2083729DEC}.Debug|x86.ActiveCfg = Debug|Win32
		{33463275-9961-444C-B6E7-EE2083729DEC}.Debug|x86.Build.0 = Debug|Win32
		{33463275-9961-444C-B6E7-EE2083729DEC}.Release|x64.ActiveCfg = Release|x64
		{33463275-9961-444C-B6E7-EE2083729DEC}.Release|x64.Build.0 = Release|x64
		{33463275-9961-444C-B6E7-EE2083729DEC}.Release|x86.ActiveCfg = Release|Win32
		{33463275-9961-444C-B6E7-EE2083729DEC}.Release|x86.Build.0 = Release|Win32
	EndGlobalSection
	GlobalSection(SolutionProperties) = preSolution
		HideSolutionNode = FALSE
	EndGlobalSection
	GlobalSection(ExtensibilityGlobals) = postSolution
		SolutionGuid = {0B3C22EA-99A3-45DF-B570-75E113E98F70}
	EndGlobalSection
EndGlobal
