<?xml version="1.0" encoding="utf-8"?>
<Project ToolsVersion="4.0" xmlns="http://schemas.microsoft.com/developer/msbuild/2003">
  <ItemGroup>
    <Filter Include="Source Files">
      <UniqueIdentifier>{4FC737F1-C7A5-4376-A066-2A32D752A2FF}</UniqueIdentifier>
      <Extensions>cpp;c;cc;cxx;c++;cppm;ixx;def;odl;idl;hpj;bat;asm;asmx</Extensions>
    </Filter>
    <Filter Include="Header Files">
      <UniqueIdentifier>{93995380-89BD-4b04-88EB-625FBE52EBFB}</UniqueIdentifier>
      <Extensions>h;hh;hpp;hxx;h++;hm;inl;inc;ipp;xsd</Extensions>
    </Filter>
    <Filter Include="Resource Files">
      <UniqueIdentifier>{67DA6AB6-F800-4c08-8B7A-83BB121AAD01}</UniqueIdentifier>
      <Extensions>rc;ico;cur;bmp;dlg;rc2;rct;bin;rgs;gif;jpg;jpeg;jpe;resx;tiff;tif;png;wav;mfcribbon-ms</Extensions>
    </Filter>
  </ItemGroup>
  <ItemGroup>
    <ClInclude Include="CmdPathControls.h">
      <Filter>Header Files</Filter>
    </ClInclude>
    <ClInclude Include="Matrix_3x3.h">
      <Filter>Header Files</Filter>
    </ClInclude>
    <ClInclude Include="TransformationMatrices.h">
      <Filter>Header Files</Filter>
    </ClInclude>
    <ClInclude Include="..\LatticeRepresentationLib\P3Utilities.h">
      <Filter>Header Files</Filter>
    </ClInclude>
    <ClInclude Include="FractureSummary.h">
      <Filter>Header Files</Filter>
    </ClInclude>
    <ClInclude Include="BoundaryExplorer.h">
      <Filter>Header Files</Filter>
    </ClInclude>
    <ClInclude Include="TransistionCase.h">
      <Filter>Header Files</Filter>
    </ClInclude>
    <ClInclude Include="StableTransitionCase.h">
      <Filter>Header Files</Filter>
    </ClInclude>
    <ClInclude Include="FractureTagger.h">
      <Filter>Header Files</Filter>
    </ClInclude>
    <ClInclude Include="ScalarTraits.h">
      <Filter>Header Files</Filter>
    </ClInclude>
    <ClInclude Include="P3SpecialGenerator.h">
      <Filter>Header Files</Filter>
    </ClInclude>
  </ItemGroup>
  <ItemGroup>
    <ClCompile Include="TEST4.cpp">
      <Filter>Source Files</Filter>
    </ClCompile>
    <ClCompile Include="testP3.cpp">
      <Filter>Source Files</Filter>
    </ClCompile>
    <ClCompile Include="TestP3Sym.cpp">
      <Filter>Source Files</Filter>
    </ClCompile>
    <ClCompile Include="TransformationMatrices.cpp">
      <Filter>Source Files</Filter>
    </ClCompile>
    <ClCompile Include="BoundaryExplorer.cpp">
      <Filter>Source Files</Filter>
    </ClCompile>
  </ItemGroup>
</Project>