<?xml version="1.0" encoding="utf-8"?>
<Project ToolsVersion="4.0" xmlns="http://schemas.microsoft.com/developer/msbuild/2003">
  <ItemGroup>
    <Filter Include="Source Files">
      <UniqueIdentifier>{4FC737F1-C7A5-4376-A066-2A32D752A2FF}</UniqueIdentifier>
      <Extensions>cpp;c;cc;cxx;def;odl;idl;hpj;bat;asm;asmx</Extensions>
    </Filter>
    <Filter Include="Header Files">
      <UniqueIdentifier>{93995380-89BD-4b04-88EB-625FBE52EBFB}</UniqueIdentifier>
      <Extensions>h;hh;hpp;hxx;hm;inl;inc;ipp;xsd</Extensions>
    </Filter>
  </ItemGroup>
  <ItemGroup>
    <ClCompile Include="FollowerConstants.cpp">
      <Filter>Source Files</Filter>
    </ClCompile>
    <ClCompile Include="ReadGlobalData.cpp">
      <Filter>Source Files</Filter>
    </ClCompile>
    <ClCompile Include="MAIN_PointDistanceFollower.cpp">
      <Filter>Source Files</Filter>
    </ClCompile>
    <ClCompile Include="OutlierFinder.cpp">
      <Filter>Source Files</Filter>
    </ClCompile>
    <ClCompile Include="FollowerIO.cpp">
      <Filter>Source Files</Filter>
    </ClCompile>
    <ClCompile Include="Multifollower.cpp">
      <Filter>Source Files</Filter>
    </ClCompile>
    <ClCompile Include="..\LatticeRepresentationLib\CS6Dist.cpp">
      <Filter>Source Files</Filter>
    </ClCompile>
  </ItemGroup>
  <ItemGroup>
    <ClInclude Include="FollowerConstants.h">
      <Filter>Header Files</Filter>
    </ClInclude>
    <ClInclude Include="ReadGlobalData.h">
      <Filter>Header Files</Filter>
    </ClInclude>
    <ClInclude Include="LRL_Path.h">
      <Filter>Header Files</Filter>
    </ClInclude>
    <ClInclude Include="MultiFollower.h">
      <Filter>Header Files</Filter>
    </ClInclude>
    <ClInclude Include="OutlierFinder.h">
      <Filter>Header Files</Filter>
    </ClInclude>
    <ClInclude Include="SVG_DistancePlot.h">
      <Filter>Header Files</Filter>
    </ClInclude>
    <ClInclude Include="SVG_Writer.h">
      <Filter>Header Files</Filter>
    </ClInclude>
    <ClInclude Include="FollowerIO.h">
      <Filter>Header Files</Filter>
    </ClInclude>
    <ClInclude Include="FileWriter.h">
      <Filter>Header Files</Filter>
    </ClInclude>
    <ClInclude Include="DistanceLineDescriptions.h">
      <Filter>Header Files</Filter>
    </ClInclude>
    <ClInclude Include="..\LatticeRepresentationLib\CS6Dist.h">
      <Filter>Header Files</Filter>
    </ClInclude>
  </ItemGroup>
</Project>