<?xml version="1.0" encoding="utf-8"?>
<Project ToolsVersion="4.0" xmlns="http://schemas.microsoft.com/developer/msbuild/2003">
  <ItemGroup>
    <Filter Include="Source Files">
      <UniqueIdentifier>{4FC737F1-C7A5-4376-A066-2A32D752A2FF}</UniqueIdentifier>
      <Extensions>cpp;c;cc;cxx;c++;cppm;ixx;def;odl;idl;hpj;bat;asm;asmx</Extensions>
    </Filter>
    <Filter Include="Header Files">
      <UniqueIdentifier>{93995380-89BD-4b04-88EB-625FBE52EBFB}</UniqueIdentifier>
      <Extensions>h;hh;hpp;hxx;h++;hm;inl;inc;ipp;xsd</Extensions>
    </Filter>
    <Filter Include="Resource Files">
      <UniqueIdentifier>{67DA6AB6-F800-4c08-8B7A-83BB121AAD01}</UniqueIdentifier>
      <Extensions>rc;ico;cur;bmp;dlg;rc2;rct;bin;rgs;gif;jpg;jpeg;jpe;resx;tiff;tif;png;wav;mfcribbon-ms</Extensions>
    </Filter>
  </ItemGroup>
  <ItemGroup>
    <Text Include="CMakeLists.txt" />
  </ItemGroup>
  <ItemGroup>
    <ClInclude Include="LatticeMatcher.h">
      <Filter>Header Files</Filter>
    </ClInclude>
    <ClInclude Include="MultiTransformFinderControls.h">
      <Filter>Header Files</Filter>
    </ClInclude>
    <ClInclude Include="B4Matcher.h">
      <Filter>Header Files</Filter>
    </ClInclude>
    <ClInclude Include="TransformerUtilities.h">
      <Filter>Header Files</Filter>
    </ClInclude>
    <ClInclude Include="TransformerDisplay.h">
      <Filter>Header Files</Filter>
    </ClInclude>
    <ClInclude Include="TransformationModule.h">
      <Filter>Header Files</Filter>
    </ClInclude>
    <ClInclude Include="LatticeTransformer.h">
      <Filter>Header Files</Filter>
    </ClInclude>
    <ClInclude Include="Matrix_3x3.h">
      <Filter>Header Files</Filter>
    </ClInclude>
    <ClInclude Include="CenteringTest.h">
      <Filter>Header Files</Filter>
    </ClInclude>
    <ClInclude Include="TransformationMatrices.h">
      <Filter>Header Files</Filter>
    </ClInclude>
    <ClInclude Include="TransformResult.h">
      <Filter>Header Files</Filter>
    </ClInclude>
    <ClInclude Include="TransformationReservoir.h">
      <Filter>Header Files</Filter>
    </ClInclude>
    <ClInclude Include="MatrixSets_B4Matcher..h">
      <Filter>Header Files</Filter>
    </ClInclude>
    <ClInclude Include="NiggliMatrices.h">
      <Filter>Header Files</Filter>
    </ClInclude>
  </ItemGroup>
  <ItemGroup>
    <ClCompile Include="MultiTransformFinderTest.cpp">
      <Filter>Source Files</Filter>
    </ClCompile>
    <ClCompile Include="B4Matcher.cpp">
      <Filter>Source Files</Filter>
    </ClCompile>
    <ClCompile Include="TransformerDisplay.cpp">
      <Filter>Source Files</Filter>
    </ClCompile>
    <ClCompile Include="TransformationModule.cpp">
      <Filter>Source Files</Filter>
    </ClCompile>
    <ClCompile Include="LatticeTransformer.cpp">
      <Filter>Source Files</Filter>
    </ClCompile>
    <ClCompile Include="..\LatticeRepresentationLib\Niggli.cpp">
      <Filter>Source Files</Filter>
    </ClCompile>
    <ClCompile Include="TransformerUtilities.cpp">
      <Filter>Source Files</Filter>
    </ClCompile>
  </ItemGroup>
</Project>