<?xml version="1.0" encoding="utf-8"?>
<Project ToolsVersion="4.0" xmlns="http://schemas.microsoft.com/developer/msbuild/2003">
  <ItemGroup>
    <ClCompile Include="BravaisHeirarchy.cpp" />
    <ClCompile Include="C3.cpp" />
    <ClCompile Include="C3Plot.cpp" />
    <ClCompile Include="C6.cpp" />
    <ClCompile Include="ColorTables.cpp" />
    <ClCompile Include="CS6Dist.c" />
    <ClCompile Include="CS6Dist.cpp" />
    <ClCompile Include="D13.cpp" />
    <ClCompile Include="dbscan.cpp" />
    <ClCompile Include="DC.cpp" />
    <ClCompile Include="DC7u.cpp" />
    <ClCompile Include="DeloneFitResults.cpp" />
    <ClCompile Include="Delone_Types.cpp" />
    <ClCompile Include="FollowerConstants.cpp" />
    <ClCompile Include="FollowerPathGenerator.cpp" />
    <ClCompile Include="GenerateLatticeTypeExamples.cpp" />
    <ClCompile Include="IT_TypeList.cpp" />
    <ClCompile Include="LabeledDeloneTypeMatrices.cpp" />
    <ClCompile Include="LabeledSellaMatrices.cpp" />
    <ClCompile Include="DeloneTypeList.cpp" />
    <ClCompile Include="DeloneType.cpp" />
    <ClCompile Include="LatticeConverter.cpp" />
    <ClCompile Include="LRL_Cell.cpp" />
    <ClCompile Include="CellInputData.cpp" />
    <ClCompile Include="LRL_Cell_Degrees.cpp" />
    <ClCompile Include="LRL_CoordinateConversionMatrices.cpp" />
    <ClCompile Include="LRL_LatticeMatcher.cpp" />
    <ClCompile Include="MatD13.cpp" />
    <ClCompile Include="MatDC7u.cpp" />
    <ClCompile Include="MatricesForOneDeloneType.cpp" />
    <ClCompile Include="Niggli_Types.cpp" />
    <ClCompile Include="ReadTypedData.cpp" />
    <ClCompile Include="S6.cpp" />
    <ClCompile Include="S6BoundaryTransforms.cpp" />
    <ClCompile Include="S6Dist.cpp" />
    <ClCompile Include="D7.cpp" />
    <ClCompile Include="D7Dist.c" />
    <ClCompile Include="D7_Boundary.cpp" />
    <ClCompile Include="D7_BoundaryList.cpp" />
    <ClCompile Include="D7_ClassifySubboundaries.cpp" />
    <ClCompile Include="D7_Subboundary.cpp" />
    <ClCompile Include="Delone.cpp" />
    <ClCompile Include="B4.cpp" />
    <ClCompile Include="G6.cpp" />
    <ClCompile Include="MatB4.cpp" />
    <ClCompile Include="MatS6.cpp" />
    <ClCompile Include="MatD7.cpp" />
    <ClCompile Include="MatG6.cpp" />
    <ClCompile Include="MatMN.cpp" />
    <ClCompile Include="MatN.cpp" />
    <ClCompile Include="LRL_ReadLatticeData.cpp" />
    <ClCompile Include="Niggli.cpp" />
    <ClCompile Include="S6_Matrices.cpp" />
    <ClCompile Include="S6_Ordinals.cpp" />
    <ClCompile Include="SellaBuild.cpp" />
    <ClCompile Include="Selling.cpp" />
    <ClCompile Include="Source.cpp" />
    <ClCompile Include="VecN.cpp" />
    <ClCompile Include="DC7uBoundaryMatrices.cpp" />
    <ClCompile Include="V7.cpp" />
    <ClCompile Include="PrintTable.cpp" />
    <ClCompile Include="RI.cpp" />
    <ClCompile Include="S6L.cpp" />
    <ClCompile Include="WebIO.cpp" />
    <ClCompile Include="Radial.cpp" />
    <ClCompile Include="Vector_2.cpp" />
    <ClCompile Include="Polar.cpp" />
    <ClCompile Include="Plots.cpp" />
    <ClCompile Include="LRL_WriteLatticeData.cpp" />
    <ClCompile Include="P3.cpp" />
    <ClCompile Include="GrimmerTree.cpp" />
    <ClCompile Include="EnhancedS6.cpp" />
    <ClCompile Include="Transformations.cpp" />
  </ItemGroup>
  <ItemGroup>
    <ClInclude Include="BasisBase.h" />
    <ClInclude Include="BravaisHeirarchy.h" />
    <ClInclude Include="C3.h" />
    <ClInclude Include="C3Plot.h" />
    <ClInclude Include="C6.h" />
    <ClInclude Include="ColorTables.h" />
    <ClInclude Include="CS6Dist.h" />
    <ClInclude Include="D13.h" />
    <ClInclude Include="dbscan.h" />
    <ClInclude Include="DC.h" />
    <ClInclude Include="DC7u.h" />
    <ClInclude Include="DeloneFitResults.h" />
    <ClInclude Include="DeloneTypeVarietyList.h" />
    <ClInclude Include="Delone_Types.h" />
    <ClInclude Include="FollowerConstants.h" />
    <ClInclude Include="FollowerPathGenerator.h" />
    <ClInclude Include="GenerateLatticeTypeExamples.h" />
    <ClInclude Include="GenerateRandomLattice.h" />
    <ClInclude Include="IT_TypeList.h" />
    <ClInclude Include="LabeledDeloneTypeMatrices.h" />
    <ClInclude Include="LabeledSellaMatrices.h" />
    <ClInclude Include="DeloneTypeList.h" />
    <ClInclude Include="DeloneType.h" />
    <ClInclude Include="LatticeConverter.h" />
    <ClInclude Include="LRL_Cell.h" />
    <ClInclude Include="CellInputData.h" />
    <ClInclude Include="CoordinateConversionMatrices.h" />
    <ClInclude Include="LRL_Cell_Degrees.h" />
    <ClInclude Include="LRL_CoordinateConversionMatrices.h" />
    <ClInclude Include="LRL_indices.h" />
    <ClInclude Include="LRL_LatticeMatcher.h" />
    <ClInclude Include="MatD13.h" />
    <ClInclude Include="MatDC7u.h" />
    <ClInclude Include="MatricesForOneDeloneType.h" />
    <ClInclude Include="NCDist.h" />
    <ClInclude Include="Niggli_Types.h" />
    <ClInclude Include="NullOps.h" />
    <ClInclude Include="ParseData.h" />
    <ClInclude Include="ReadTypedData.h" />
    <ClInclude Include="S6.h" />
    <ClInclude Include="S6BoundaryTransforms.h" />
    <ClInclude Include="S6Dist.h" />
    <ClInclude Include="D7.h" />
    <ClInclude Include="D7Dist.h" />
    <ClInclude Include="D7Dist_.hpp" />
    <ClInclude Include="D7_Boundary.h" />
    <ClInclude Include="D7_BoundaryList.h" />
    <ClInclude Include="D7_ClassifySubboundaries.h" />
    <ClInclude Include="D7_Subboundary.h" />
    <ClInclude Include="Delone.h" />
    <ClInclude Include="B4.h" />
    <ClInclude Include="G6.h" />
    <ClInclude Include="MatB4.h" />
    <ClInclude Include="MatS6.h" />
    <ClInclude Include="MatD7.h" />
    <ClInclude Include="MatG6.h" />
    <ClInclude Include="MatMN.h" />
    <ClInclude Include="MatN.h" />
    <ClInclude Include="LRL_MatrixBase.h" />
    <ClInclude Include="LRL_ReadLatticeData.h" />
    <ClInclude Include="Niggli.h" />
    <ClInclude Include="S6M_SellingReduce.h" />
    <ClInclude Include="S6_Matrices.h" />
    <ClInclude Include="S6_Ordinals.h" />
    <ClInclude Include="SellaBuild.h" />
    <ClInclude Include="Selling.h" />
    <ClInclude Include="svd.h" />
    <ClInclude Include="Transformations.h" />
    <ClInclude Include="V7Dist.h" />
    <ClInclude Include="VecN.h" />
    <ClInclude Include="DC7uBoundaryMatrices.h" />
    <ClInclude Include="V7.h" />
    <ClInclude Include="PrintTable.h" />
    <ClInclude Include="RI.h" />
    <ClInclude Include="S6L.h" />
    <ClInclude Include="LRL_GetCommandArgs.h" />
    <ClInclude Include="WebIO.h" />
    <ClInclude Include="Radial.h" />
    <ClInclude Include="Vector_2.h" />
    <ClInclude Include="Polar.h" />
    <ClInclude Include="Plots.h" />
    <ClInclude Include="LRL_WriteLatticeData.h" />
    <ClInclude Include="P3.h" />
    <ClInclude Include="GrimmerTree.h" />
    <ClInclude Include="EnhancedS6.h" />
    <ClInclude Include="RegistryTest.h" />
  </ItemGroup>
  <ItemGroup>
    <Text Include="CMakeLists.txt" />
  </ItemGroup>
</Project>